# THIS IS AN AUTOGENERATED FILE. DO NOT EDIT THIS FILE DIRECTLY.
# yarn lockfile v1


"@remote-ui/async-subscription@^2.1.16", "@remote-ui/async-subscription@^2.1.18":
  version "2.1.18"
  resolved "https://registry.yarnpkg.com/@remote-ui/async-subscription/-/async-subscription-2.1.18.tgz#54efc0c7a6901bb8993de04130fc74e78b99387d"
  integrity sha512-O+76qOiTGN6iJZBFncELNIBnhCbHAIYrsrG0n3SjmwXE9Gy6nl4xZoa5FqIcw5VPz7EAdwKBkFsRE5uyQB7FOw==
  dependencies:
    "@remote-ui/rpc" "^1.4.7"

"@remote-ui/core@^2.2.5", "@remote-ui/core@^2.2.7":
  version "2.2.7"
  resolved "https://registry.yarnpkg.com/@remote-ui/core/-/core-2.2.7.tgz#de1226cdd7cfa8c8b1b82700b5770bd701656077"
  integrity sha512-9eiTKy2eNKcT76xS0Dpz06ae2oClGAUUjx+HTDsz6fh7n/SS8Avid5N7GOaRiny/6T/cMJxaCeycMQJsEviGjA==
  dependencies:
    "@remote-ui/rpc" "^1.4.7"
    "@remote-ui/types" "^1.1.3"

"@remote-ui/react@^5.0.6":
  version "5.0.8"
  resolved "https://registry.yarnpkg.com/@remote-ui/react/-/react-5.0.8.tgz#a4f823de1387465095951b8620447baa106f76ce"
  integrity sha512-GUwqP0b4m2TQ8THbsjhBvvYXZfvyWbP6HlYtzKw7izW9C49DWrixLuSz41kB4Ae7MI1OUfKy3xHtwXeLWa+nuA==
  dependencies:
    "@remote-ui/async-subscription" "^2.1.18"
    "@remote-ui/core" "^2.2.7"
    "@remote-ui/rpc" "^1.4.7"
    "@types/react" ">=17.0.0 <19.0.0"
    "@types/react-reconciler" ">=0.26.0 <0.30.0"

"@remote-ui/rpc@^1.4.7":
  version "1.4.7"
  resolved "https://registry.yarnpkg.com/@remote-ui/rpc/-/rpc-1.4.7.tgz#0b353b2fcc95db17a23b4f90d1a587d7e906c77f"
  integrity sha512-ORiaKsbVBSEi3Z4YWOj5Ucrp70NrkNktI1hdqqfBW7Z3o0YoxTX9MIqtLmsc6721IbjmExvLrLip5I5Y7uAbng==

"@remote-ui/types@^1.1.3":
  version "1.1.3"
  resolved "https://registry.yarnpkg.com/@remote-ui/types/-/types-1.1.3.tgz#b2a790d5be50fb82d89d4abea9883f87f83a5a25"
  integrity sha512-P1kN1F3p0oMgnLN8Of1Ie9am3sLvJ7nhqHH1pvzkrxqjVwhhyPVZNcwOHyUNZPKp62izhDavdrcnqrdXzVJqGA==

"@shopify/ui-extensions-react@2025.7.x":
  version "2025.7.1"
  resolved "https://registry.yarnpkg.com/@shopify/ui-extensions-react/-/ui-extensions-react-2025.7.1.tgz#650a87be612fe4a3762b5efff1f0ecbcb5219296"
  integrity sha512-jUWw+Z00eMwsbz+3Zpgc5uoIoF8yaYitPwXTiYwsALKZt4ZBRWvuOzblyeTGcn4zHvOQ1VZFb6exHycwe1MJ3g==
  dependencies:
    "@remote-ui/async-subscription" "^2.1.16"
    "@remote-ui/react" "^5.0.6"
    "@types/react" ">=18.2.67"

"@shopify/ui-extensions@2025.7.x":
  version "2025.7.1"
  resolved "https://registry.yarnpkg.com/@shopify/ui-extensions/-/ui-extensions-2025.7.1.tgz#06333b8435a97740916c289781fbf10862019d7e"
  integrity sha512-5L3lUB2Zb53yDKSrFRyNtkVnot2cOVxRr07srchDVy64whC7EmoYGlo5QmUQIiwaHNubo7++a/yFi1uOjiUdmg==
  dependencies:
    "@remote-ui/async-subscription" "^2.1.16"
    "@remote-ui/core" "^2.2.5"

"@types/prop-types@*":
  version "15.7.15"
  resolved "https://registry.yarnpkg.com/@types/prop-types/-/prop-types-15.7.15.tgz#e6e5a86d602beaca71ce5163fadf5f95d70931c7"
  integrity sha512-F6bEyamV9jKGAFBEmlQnesRPGOQqS2+Uwi0Em15xenOxHaf2hv6L8YCVn3rPdPJOiJfPiCnLIRyvwVaqMY3MIw==

"@types/react-reconciler@>=0.26.0 <0.30.0":
  version "0.28.9"
  resolved "https://registry.yarnpkg.com/@types/react-reconciler/-/react-reconciler-0.28.9.tgz#d24b4864c384e770c83275b3fe73fba00269c83b"
  integrity sha512-HHM3nxyUZ3zAylX8ZEyrDNd2XZOnQ0D5XfunJF5FLQnZbHHYq4UWvW1QfelQNXv1ICNkwYhfxjwfnqivYB6bFg==

"@types/react@>=17.0.0 <19.0.0", "@types/react@^18.0.0":
  version "18.3.24"
  resolved "https://registry.yarnpkg.com/@types/react/-/react-18.3.24.tgz#f6a5a4c613242dfe3af0dcee2b4ec47b92d9b6bd"
  integrity sha512-0dLEBsA1kI3OezMBF8nSsb7Nk19ZnsyE1LLhB8r27KbgU5H4pvuqZLdtE+aUkJVoXgTVuA+iLIwmZ0TuK4tx6A==
  dependencies:
    "@types/prop-types" "*"
    csstype "^3.0.2"

"@types/react@>=18.2.67":
  version "19.1.13"
  resolved "https://registry.yarnpkg.com/@types/react/-/react-19.1.13.tgz#fc650ffa680d739a25a530f5d7ebe00cdd771883"
  integrity sha512-hHkbU/eoO3EG5/MZkuFSKmYqPbSVk5byPFa3e7y/8TybHiLMACgI8seVYlicwk7H5K/rI2px9xrQp/C+AUDTiQ==
  dependencies:
    csstype "^3.0.2"

csstype@^3.0.2:
  version "3.1.3"
  resolved "https://registry.yarnpkg.com/csstype/-/csstype-3.1.3.tgz#d80ff294d114fb0e6ac500fbf85b60137d7eff81"
  integrity sha512-M1uQkMl8rQK/szD0LNhtqxIPLpimGm8sOBwU7lLnCpSbTyY3yeU1Vc7l4KT5zT4s/yOxHH5O7tIuuLOCnLADRw==

"js-tokens@^3.0.0 || ^4.0.0":
  version "4.0.0"
  resolved "https://registry.yarnpkg.com/js-tokens/-/js-tokens-4.0.0.tgz#19203fb59991df98e3a287050d4647cdeaf32499"
  integrity sha512-RdJUflcE3cUzKiMqQgsCu06FPu9UdIJO0beYbPhHN4k6apgJtifcoCtT9bcxOpYBtpD2kCM6Sbzg4CausW/PKQ==

loose-envify@^1.1.0:
  version "1.4.0"
  resolved "https://registry.yarnpkg.com/loose-envify/-/loose-envify-1.4.0.tgz#71ee51fa7be4caec1a63839f7e682d8132d30caf"
  integrity sha512-lyuxPGr/Wfhrlem2CL/UcnUc1zcqKAImBDzukY7Y5F/yQiNdko6+fRLevlw1HgMySw7f611UIY408EtxRSoK3Q==
  dependencies:
    js-tokens "^3.0.0 || ^4.0.0"

react-reconciler@0.29.0:
  version "0.29.0"
  resolved "https://registry.yarnpkg.com/react-reconciler/-/react-reconciler-0.29.0.tgz#ee769bd362915076753f3845822f2d1046603de7"
  integrity sha512-wa0fGj7Zht1EYMRhKWwoo1H9GApxYLBuhoAuXN0TlltESAjDssB+Apf0T/DngVqaMyPypDmabL37vw/2aRM98Q==
  dependencies:
    loose-envify "^1.1.0"
    scheduler "^0.23.0"

react@^18.0.0:
  version "18.3.1"
  resolved "https://registry.yarnpkg.com/react/-/react-18.3.1.tgz#49ab892009c53933625bd16b2533fc754cab2891"
  integrity sha512-wS+hAgJShR0KhEvPJArfuPVN1+Hz1t0Y6n5jLrGQbkb4urgPE/0Rve+1kMB1v/oWgHgm4WIcV+i7F2pTVj+2iQ==
  dependencies:
    loose-envify "^1.1.0"

scheduler@^0.23.0:
  version "0.23.2"
  resolved "https://registry.yarnpkg.com/scheduler/-/scheduler-0.23.2.tgz#414ba64a3b282892e944cf2108ecc078d115cdc3"
  integrity sha512-UOShsPwz7NrMUqhR6t0hWjFduvOzbtv7toDH1/hIrfRNIDBnnBWd0CwJTGvTpngVlmwGCdP9/Zl/tVrDqcuYzQ==
  dependencies:
    loose-envify "^1.1.0"
